{
  "version": 4,
  "terraform_version": "1.12.2",
  "serial": 29,
  "lineage": "effc8be4-8116-741a-06fb-ebed1c03ef6f",
  "outputs": {
    "codestar_connection_arn": {
      "value": "arn:aws:codestar-connections:ap-northeast-2:245040175511:connection/8f3b19ae-ae12-4e65-9921-f5caa03e1d6a",
      "type": "string"
    },
    "ecr_repository_uri": {
      "value": "245040175511.dkr.ecr.ap-northeast-2.amazonaws.com/comment-service",
      "type": "string"
    },
    "pipeline_name": {
      "value": "comment-service-dev-pipeline",
      "type": "string"
    }
  },
  "resources": [
    {
      "mode": "data",
      "type": "aws_caller_identity",
      "name": "current",
      "provider": "provider[\"registry.terraform.io/hashicorp/aws\"]",
      "instances": [
        {
          "schema_version": 0,
          "attributes": {
            "account_id": "245040175511",
            "arn": "arn:aws:iam::245040175511:user/team02",
            "id": "245040175511",
            "user_id": "AIDATSDMILGL3HPJQ44MT"
          },
          "sensitive_attributes": [],
          "identity_schema_version": 0
        }
      ]
    },
    {
      "mode": "data",
      "type": "aws_iam_policy_document",
      "name": "cb_policy",
      "provider": "provider[\"registry.terraform.io/hashicorp/aws\"]",
      "instances": [
        {
          "schema_version": 0,
          "attributes": {
            "id": "1463310249",
            "json": "{\n  \"Version\": \"2012-10-17\",\n  \"Statement\": [\n    {\n      \"Effect\": \"Allow\",\n      \"Action\": [\n        \"logs:PutLogEvents\",\n        \"logs:CreateLogStream\",\n        \"logs:CreateLogGroup\"\n      ],\n      \"Resource\": \"arn:aws:logs:ap-northeast-2:245040175511:*\"\n    },\n    {\n      \"Effect\": \"Allow\",\n      \"Action\": [\n        \"s3:PutObject\",\n        \"s3:ListBucket\",\n        \"s3:GetObject\"\n      ],\n      \"Resource\": [\n        \"arn:aws:s3:::artifact-245040175511-ap-northeast-2/*\",\n        \"arn:aws:s3:::artifact-245040175511-ap-northeast-2\"\n      ]\n    },\n    {\n      \"Effect\": \"Allow\",\n      \"Action\": [\n        \"ecr:UploadLayerPart\",\n        \"ecr:PutImage\",\n        \"ecr:InitiateLayerUpload\",\n        \"ecr:GetAuthorizationToken\",\n        \"ecr:DescribeRepositories\",\n        \"ecr:CompleteLayerUpload\",\n        \"ecr:BatchGetImage\",\n        \"ecr:BatchCheckLayerAvailability\"\n      ],\n      \"Resource\": \"*\"\n    },\n    {\n      \"Effect\": \"Allow\",\n      \"Action\": [\n        \"eks:ListClusters\",\n        \"eks:DescribeCluster\"\n      ],\n      \"Resource\": \"*\"\n    }\n  ]\n}",
            "minified_json": "{\"Version\":\"2012-10-17\",\"Statement\":[{\"Effect\":\"Allow\",\"Action\":[\"logs:PutLogEvents\",\"logs:CreateLogStream\",\"logs:CreateLogGroup\"],\"Resource\":\"arn:aws:logs:ap-northeast-2:245040175511:*\"},{\"Effect\":\"Allow\",\"Action\":[\"s3:PutObject\",\"s3:ListBucket\",\"s3:GetObject\"],\"Resource\":[\"arn:aws:s3:::artifact-245040175511-ap-northeast-2/*\",\"arn:aws:s3:::artifact-245040175511-ap-northeast-2\"]},{\"Effect\":\"Allow\",\"Action\":[\"ecr:UploadLayerPart\",\"ecr:PutImage\",\"ecr:InitiateLayerUpload\",\"ecr:GetAuthorizationToken\",\"ecr:DescribeRepositories\",\"ecr:CompleteLayerUpload\",\"ecr:BatchGetImage\",\"ecr:BatchCheckLayerAvailability\"],\"Resource\":\"*\"},{\"Effect\":\"Allow\",\"Action\":[\"eks:ListClusters\",\"eks:DescribeCluster\"],\"Resource\":\"*\"}]}",
            "override_json": null,
            "override_policy_documents": null,
            "policy_id": null,
            "source_json": null,
            "source_policy_documents": null,
            "statement": [
              {
                "actions": [
                  "logs:CreateLogGroup",
                  "logs:CreateLogStream",
                  "logs:PutLogEvents"
                ],
                "condition": [],
                "effect": "Allow",
                "not_actions": [],
                "not_principals": [],
                "not_resources": [],
                "principals": [],
                "resources": [
                  "arn:aws:logs:ap-northeast-2:245040175511:*"
                ],
                "sid": ""
              },
              {
                "actions": [
                  "s3:GetObject",
                  "s3:ListBucket",
                  "s3:PutObject"
                ],
                "condition": [],
                "effect": "Allow",
                "not_actions": [],
                "not_principals": [],
                "not_resources": [],
                "principals": [],
                "resources": [
                  "arn:aws:s3:::artifact-245040175511-ap-northeast-2",
                  "arn:aws:s3:::artifact-245040175511-ap-northeast-2/*"
                ],
                "sid": ""
              },
              {
                "actions": [
                  "ecr:BatchCheckLayerAvailability",
                  "ecr:BatchGetImage",
                  "ecr:CompleteLayerUpload",
                  "ecr:DescribeRepositories",
                  "ecr:GetAuthorizationToken",
                  "ecr:InitiateLayerUpload",
                  "ecr:PutImage",
                  "ecr:UploadLayerPart"
                ],
                "condition": [],
                "effect": "Allow",
                "not_actions": [],
                "not_principals": [],
                "not_resources": [],
                "principals": [],
                "resources": [
                  "*"
                ],
                "sid": ""
              },
              {
                "actions": [
                  "eks:DescribeCluster",
                  "eks:ListClusters"
                ],
                "condition": [],
                "effect": "Allow",
                "not_actions": [],
                "not_principals": [],
                "not_resources": [],
                "principals": [],
                "resources": [
                  "*"
                ],
                "sid": ""
              }
            ],
            "version": "2012-10-17"
          },
          "sensitive_attributes": [],
          "identity_schema_version": 0
        }
      ]
    },
    {
      "mode": "data",
      "type": "aws_iam_policy_document",
      "name": "cb_trust",
      "provider": "provider[\"registry.terraform.io/hashicorp/aws\"]",
      "instances": [
        {
          "schema_version": 0,
          "attributes": {
            "id": "1229436035",
            "json": "{\n  \"Version\": \"2012-10-17\",\n  \"Statement\": [\n    {\n      \"Effect\": \"Allow\",\n      \"Action\": \"sts:AssumeRole\",\n      \"Principal\": {\n        \"Service\": \"codebuild.amazonaws.com\"\n      }\n    }\n  ]\n}",
            "minified_json": "{\"Version\":\"2012-10-17\",\"Statement\":[{\"Effect\":\"Allow\",\"Action\":\"sts:AssumeRole\",\"Principal\":{\"Service\":\"codebuild.amazonaws.com\"}}]}",
            "override_json": null,
            "override_policy_documents": null,
            "policy_id": null,
            "source_json": null,
            "source_policy_documents": null,
            "statement": [
              {
                "actions": [
                  "sts:AssumeRole"
                ],
                "condition": [],
                "effect": "Allow",
                "not_actions": [],
                "not_principals": [],
                "not_resources": [],
                "principals": [
                  {
                    "identifiers": [
                      "codebuild.amazonaws.com"
                    ],
                    "type": "Service"
                  }
                ],
                "resources": [],
                "sid": ""
              }
            ],
            "version": "2012-10-17"
          },
          "sensitive_attributes": [],
          "identity_schema_version": 0
        }
      ]
    },
    {
      "mode": "data",
      "type": "aws_iam_policy_document",
      "name": "cp_policy",
      "provider": "provider[\"registry.terraform.io/hashicorp/aws\"]",
      "instances": [
        {
          "schema_version": 0,
          "attributes": {
            "id": "2005065770",
            "json": "{\n  \"Version\": \"2012-10-17\",\n  \"Statement\": [\n    {\n      \"Effect\": \"Allow\",\n      \"Action\": [\n        \"s3:PutObject\",\n        \"s3:GetObjectVersion\",\n        \"s3:GetObject\"\n      ],\n      \"Resource\": \"arn:aws:s3:::artifact-245040175511-ap-northeast-2/*\"\n    },\n    {\n      \"Effect\": \"Allow\",\n      \"Action\": \"s3:ListBucket\",\n      \"Resource\": \"arn:aws:s3:::artifact-245040175511-ap-northeast-2\"\n    },\n    {\n      \"Effect\": \"Allow\",\n      \"Action\": [\n        \"codebuild:StartBuild\",\n        \"codebuild:BatchGetBuilds\"\n      ],\n      \"Resource\": \"arn:aws:codebuild:ap-northeast-2:245040175511:project/comment-service-dev-build\"\n    },\n    {\n      \"Effect\": \"Allow\",\n      \"Action\": \"codestar-connections:UseConnection\",\n      \"Resource\": \"arn:aws:codestar-connections:ap-northeast-2:245040175511:connection/8f3b19ae-ae12-4e65-9921-f5caa03e1d6a\"\n    },\n    {\n      \"Effect\": \"Allow\",\n      \"Action\": \"eks:DescribeCluster\",\n      \"Resource\": \"arn:aws:eks:ap-northeast-2:245040175511:cluster/scrumptious-disco-party\"\n    }\n  ]\n}",
            "minified_json": "{\"Version\":\"2012-10-17\",\"Statement\":[{\"Effect\":\"Allow\",\"Action\":[\"s3:PutObject\",\"s3:GetObjectVersion\",\"s3:GetObject\"],\"Resource\":\"arn:aws:s3:::artifact-245040175511-ap-northeast-2/*\"},{\"Effect\":\"Allow\",\"Action\":\"s3:ListBucket\",\"Resource\":\"arn:aws:s3:::artifact-245040175511-ap-northeast-2\"},{\"Effect\":\"Allow\",\"Action\":[\"codebuild:StartBuild\",\"codebuild:BatchGetBuilds\"],\"Resource\":\"arn:aws:codebuild:ap-northeast-2:245040175511:project/comment-service-dev-build\"},{\"Effect\":\"Allow\",\"Action\":\"codestar-connections:UseConnection\",\"Resource\":\"arn:aws:codestar-connections:ap-northeast-2:245040175511:connection/8f3b19ae-ae12-4e65-9921-f5caa03e1d6a\"},{\"Effect\":\"Allow\",\"Action\":\"eks:DescribeCluster\",\"Resource\":\"arn:aws:eks:ap-northeast-2:245040175511:cluster/scrumptious-disco-party\"}]}",
            "override_json": null,
            "override_policy_documents": null,
            "policy_id": null,
            "source_json": null,
            "source_policy_documents": null,
            "statement": [
              {
                "actions": [
                  "s3:GetObject",
                  "s3:GetObjectVersion",
                  "s3:PutObject"
                ],
                "condition": [],
                "effect": "Allow",
                "not_actions": [],
                "not_principals": [],
                "not_resources": [],
                "principals": [],
                "resources": [
                  "arn:aws:s3:::artifact-245040175511-ap-northeast-2/*"
                ],
                "sid": ""
              },
              {
                "actions": [
                  "s3:ListBucket"
                ],
                "condition": [],
                "effect": "Allow",
                "not_actions": [],
                "not_principals": [],
                "not_resources": [],
                "principals": [],
                "resources": [
                  "arn:aws:s3:::artifact-245040175511-ap-northeast-2"
                ],
                "sid": ""
              },
              {
                "actions": [
                  "codebuild:BatchGetBuilds",
                  "codebuild:StartBuild"
                ],
                "condition": [],
                "effect": "Allow",
                "not_actions": [],
                "not_principals": [],
                "not_resources": [],
                "principals": [],
                "resources": [
                  "arn:aws:codebuild:ap-northeast-2:245040175511:project/comment-service-dev-build"
                ],
                "sid": ""
              },
              {
                "actions": [
                  "codestar-connections:UseConnection"
                ],
                "condition": [],
                "effect": "Allow",
                "not_actions": [],
                "not_principals": [],
                "not_resources": [],
                "principals": [],
                "resources": [
                  "arn:aws:codestar-connections:ap-northeast-2:245040175511:connection/8f3b19ae-ae12-4e65-9921-f5caa03e1d6a"
                ],
                "sid": ""
              },
              {
                "actions": [
                  "eks:DescribeCluster"
                ],
                "condition": [],
                "effect": "Allow",
                "not_actions": [],
                "not_principals": [],
                "not_resources": [],
                "principals": [],
                "resources": [
                  "arn:aws:eks:ap-northeast-2:245040175511:cluster/scrumptious-disco-party"
                ],
                "sid": ""
              }
            ],
            "version": "2012-10-17"
          },
          "sensitive_attributes": [],
          "identity_schema_version": 0
        }
      ]
    },
    {
      "mode": "data",
      "type": "aws_iam_policy_document",
      "name": "cp_trust",
      "provider": "provider[\"registry.terraform.io/hashicorp/aws\"]",
      "instances": [
        {
          "schema_version": 0,
          "attributes": {
            "id": "2245101310",
            "json": "{\n  \"Version\": \"2012-10-17\",\n  \"Statement\": [\n    {\n      \"Effect\": \"Allow\",\n      \"Action\": \"sts:AssumeRole\",\n      \"Principal\": {\n        \"Service\": \"codepipeline.amazonaws.com\"\n      }\n    }\n  ]\n}",
            "minified_json": "{\"Version\":\"2012-10-17\",\"Statement\":[{\"Effect\":\"Allow\",\"Action\":\"sts:AssumeRole\",\"Principal\":{\"Service\":\"codepipeline.amazonaws.com\"}}]}",
            "override_json": null,
            "override_policy_documents": null,
            "policy_id": null,
            "source_json": null,
            "source_policy_documents": null,
            "statement": [
              {
                "actions": [
                  "sts:AssumeRole"
                ],
                "condition": [],
                "effect": "Allow",
                "not_actions": [],
                "not_principals": [],
                "not_resources": [],
                "principals": [
                  {
                    "identifiers": [
                      "codepipeline.amazonaws.com"
                    ],
                    "type": "Service"
                  }
                ],
                "resources": [],
                "sid": ""
              }
            ],
            "version": "2012-10-17"
          },
          "sensitive_attributes": [],
          "identity_schema_version": 0
        }
      ]
    },
    {
      "mode": "managed",
      "type": "aws_codebuild_project",
      "name": "build",
      "provider": "provider[\"registry.terraform.io/hashicorp/aws\"]",
      "instances": [
        {
          "schema_version": 0,
          "attributes": {
            "arn": "arn:aws:codebuild:ap-northeast-2:245040175511:project/comment-service-dev-build",
            "artifacts": [
              {
                "artifact_identifier": "",
                "bucket_owner_access": "",
                "encryption_disabled": false,
                "location": "",
                "name": "comment-service-dev-build",
                "namespace_type": "",
                "override_artifact_name": false,
                "packaging": "NONE",
                "path": "",
                "type": "CODEPIPELINE"
              }
            ],
            "badge_enabled": false,
            "badge_url": "",
            "build_batch_config": [],
            "build_timeout": 60,
            "cache": [
              {
                "location": "",
                "modes": [],
                "type": "NO_CACHE"
              }
            ],
            "concurrent_build_limit": 0,
            "description": "",
            "encryption_key": "arn:aws:kms:ap-northeast-2:245040175511:alias/aws/s3",
            "environment": [
              {
                "certificate": "",
                "compute_type": "BUILD_GENERAL1_SMALL",
                "docker_server": [],
                "environment_variable": [
                  {
                    "name": "AWS_DEFAULT_REGION",
                    "type": "PLAINTEXT",
                    "value": "ap-northeast-2"
                  },
                  {
                    "name": "REPO_NAME",
                    "type": "PLAINTEXT",
                    "value": "comment-service"
                  },
                  {
                    "name": "APP_NAME",
                    "type": "PLAINTEXT",
                    "value": "comment-service"
                  },
                  {
                    "name": "K8S_NAMESPACE",
                    "type": "PLAINTEXT",
                    "value": "comment-service"
                  },
                  {
                    "name": "K8S_CLUSTER_NAME",
                    "type": "PLAINTEXT",
                    "value": "scrumptious-disco-party"
                  },
                  {
                    "name": "ACCOUNT_ID",
                    "type": "PLAINTEXT",
                    "value": "245040175511"
                  },
                  {
                    "name": "ECR_REPO_URI",
                    "type": "PLAINTEXT",
                    "value": "245040175511.dkr.ecr.ap-northeast-2.amazonaws.com/comment-service"
                  }
                ],
                "fleet": [],
                "image": "aws/codebuild/standard:7.0",
                "image_pull_credentials_type": "CODEBUILD",
                "privileged_mode": true,
                "registry_credential": [],
                "type": "LINUX_CONTAINER"
              }
            ],
            "file_system_locations": [],
            "id": "arn:aws:codebuild:ap-northeast-2:245040175511:project/comment-service-dev-build",
            "logs_config": [
              {
                "cloudwatch_logs": [
                  {
                    "group_name": "/codebuild/comment-service-dev-build",
                    "status": "ENABLED",
                    "stream_name": ""
                  }
                ],
                "s3_logs": [
                  {
                    "bucket_owner_access": "",
                    "encryption_disabled": false,
                    "location": "",
                    "status": "DISABLED"
                  }
                ]
              }
            ],
            "name": "comment-service-dev-build",
            "project_visibility": "PRIVATE",
            "public_project_alias": "",
            "queued_timeout": 480,
            "region": "ap-northeast-2",
            "resource_access_role": "",
            "secondary_artifacts": [],
            "secondary_source_version": [],
            "secondary_sources": [],
            "service_role": "arn:aws:iam::245040175511:role/comment-service-dev-cb-role",
            "source": [
              {
                "auth": [],
                "build_status_config": [],
                "buildspec": "",
                "git_clone_depth": 0,
                "git_submodules_config": [],
                "insecure_ssl": false,
                "location": "",
                "report_build_status": false,
                "type": "CODEPIPELINE"
              }
            ],
            "source_version": "",
            "tags": {
              "Env": "dev",
              "Project": "comment-service"
            },
            "tags_all": {
              "Env": "dev",
              "Project": "comment-service"
            },
            "vpc_config": []
          },
          "sensitive_attributes": [],
          "identity_schema_version": 0,
          "identity": {
            "arn": "arn:aws:codebuild:ap-northeast-2:245040175511:project/comment-service-dev-build"
          },
          "private": "bnVsbA==",
          "dependencies": [
            "aws_iam_role.codebuild",
            "data.aws_caller_identity.current",
            "data.aws_iam_policy_document.cb_trust"
          ]
        }
      ]
    },
    {
      "mode": "managed",
      "type": "aws_codepipeline",
      "name": "this",
      "provider": "provider[\"registry.terraform.io/hashicorp/aws\"]",
      "instances": [
        {
          "schema_version": 0,
          "attributes": {
            "arn": "arn:aws:codepipeline:ap-northeast-2:245040175511:comment-service-dev-pipeline",
            "artifact_store": [
              {
                "encryption_key": [],
                "location": "artifact-245040175511-ap-northeast-2",
                "region": "",
                "type": "S3"
              }
            ],
            "execution_mode": "SUPERSEDED",
            "id": "comment-service-dev-pipeline",
            "name": "comment-service-dev-pipeline",
            "pipeline_type": "V1",
            "region": "ap-northeast-2",
            "role_arn": "arn:aws:iam::245040175511:role/comment-service-dev-cp-role",
            "stage": [
              {
                "action": [
                  {
                    "category": "Source",
                    "configuration": {
                      "BranchName": "main",
                      "ConnectionArn": "arn:aws:codestar-connections:ap-northeast-2:245040175511:connection/8f3b19ae-ae12-4e65-9921-f5caa03e1d6a",
                      "FullRepositoryId": "Everlandgo/Comment_community_service"
                    },
                    "input_artifacts": [],
                    "name": "GithubSource",
                    "namespace": "",
                    "output_artifacts": [
                      "source_output"
                    ],
                    "owner": "AWS",
                    "provider": "CodeStarSourceConnection",
                    "region": "",
                    "role_arn": "",
                    "run_order": 1,
                    "timeout_in_minutes": 0,
                    "version": "1"
                  }
                ],
                "before_entry": [],
                "name": "Source",
                "on_failure": [],
                "on_success": []
              },
              {
                "action": [
                  {
                    "category": "Build",
                    "configuration": {
                      "ProjectName": "comment-service-dev-build"
                    },
                    "input_artifacts": [
                      "source_output"
                    ],
                    "name": "DockerBuild",
                    "namespace": "",
                    "output_artifacts": [
                      "build_output"
                    ],
                    "owner": "AWS",
                    "provider": "CodeBuild",
                    "region": "",
                    "role_arn": "",
                    "run_order": 1,
                    "timeout_in_minutes": 0,
                    "version": "1"
                  }
                ],
                "before_entry": [],
                "name": "Build",
                "on_failure": [],
                "on_success": []
              }
            ],
            "tags": {
              "Env": "dev",
              "Project": "comment-service"
            },
            "tags_all": {
              "Env": "dev",
              "Project": "comment-service"
            },
            "trigger": [],
            "trigger_all": [],
            "variable": []
          },
          "sensitive_attributes": [],
          "identity_schema_version": 0,
          "private": "bnVsbA==",
          "dependencies": [
            "aws_codebuild_project.build",
            "aws_codestarconnections_connection.github",
            "aws_iam_role.codebuild",
            "aws_iam_role.codepipeline",
            "aws_s3_bucket.artifacts",
            "data.aws_caller_identity.current",
            "data.aws_iam_policy_document.cb_trust",
            "data.aws_iam_policy_document.cp_trust"
          ]
        }
      ]
    },
    {
      "mode": "managed",
      "type": "aws_codestarconnections_connection",
      "name": "github",
      "provider": "provider[\"registry.terraform.io/hashicorp/aws\"]",
      "instances": [
        {
          "schema_version": 0,
          "attributes": {
            "arn": "arn:aws:codestar-connections:ap-northeast-2:245040175511:connection/8f3b19ae-ae12-4e65-9921-f5caa03e1d6a",
            "connection_status": "PENDING",
            "host_arn": "",
            "id": "arn:aws:codestar-connections:ap-northeast-2:245040175511:connection/8f3b19ae-ae12-4e65-9921-f5caa03e1d6a",
            "name": "github-comment-service",
            "provider_type": "GitHub",
            "region": "ap-northeast-2",
            "tags": {},
            "tags_all": {}
          },
          "sensitive_attributes": [],
          "identity_schema_version": 0,
          "identity": {
            "arn": "arn:aws:codestar-connections:ap-northeast-2:245040175511:connection/8f3b19ae-ae12-4e65-9921-f5caa03e1d6a"
          },
          "private": "bnVsbA=="
        }
      ]
    },
    {
      "mode": "managed",
      "type": "aws_ecr_repository",
      "name": "comment_service",
      "provider": "provider[\"registry.terraform.io/hashicorp/aws\"]",
      "instances": [
        {
          "schema_version": 0,
          "attributes": {
            "arn": "arn:aws:ecr:ap-northeast-2:245040175511:repository/comment-service",
            "encryption_configuration": [
              {
                "encryption_type": "AES256",
                "kms_key": ""
              }
            ],
            "force_delete": null,
            "id": "comment-service",
            "image_scanning_configuration": [
              {
                "scan_on_push": true
              }
            ],
            "image_tag_mutability": "MUTABLE",
            "image_tag_mutability_exclusion_filter": [],
            "name": "comment-service",
            "region": "ap-northeast-2",
            "registry_id": "245040175511",
            "repository_url": "245040175511.dkr.ecr.ap-northeast-2.amazonaws.com/comment-service",
            "tags": {
              "Env": "dev",
              "Project": "comment-service"
            },
            "tags_all": {
              "Env": "dev",
              "Project": "comment-service"
            },
            "timeouts": null
          },
          "sensitive_attributes": [],
          "identity_schema_version": 0,
          "identity": {
            "account_id": "245040175511",
            "name": "comment-service",
            "region": "ap-northeast-2"
          },
          "private": "eyJlMmJmYjczMC1lY2FhLTExZTYtOGY4OC0zNDM2M2JjN2M0YzAiOnsiZGVsZXRlIjoxMjAwMDAwMDAwMDAwfX0="
        }
      ]
    },
    {
      "mode": "managed",
      "type": "aws_eks_access_entry",
      "name": "cb",
      "provider": "provider[\"registry.terraform.io/hashicorp/aws\"]",
      "instances": [
        {
          "schema_version": 0,
          "attributes": {
            "access_entry_arn": "arn:aws:eks:ap-northeast-2:245040175511:access-entry/scrumptious-disco-party/role/245040175511/comment-service-dev-cb-role/c6cc8c23-b0fd-fd13-c397-c0ee53b444ea",
            "cluster_name": "scrumptious-disco-party",
            "created_at": "2025-09-05T05:09:15Z",
            "id": "scrumptious-disco-party:arn:aws:iam::245040175511:role/comment-service-dev-cb-role",
            "kubernetes_groups": [],
            "modified_at": "2025-09-05T05:09:15Z",
            "principal_arn": "arn:aws:iam::245040175511:role/comment-service-dev-cb-role",
            "region": "ap-northeast-2",
            "tags": null,
            "tags_all": {},
            "timeouts": null,
            "type": "STANDARD",
            "user_name": "arn:aws:sts::245040175511:assumed-role/comment-service-dev-cb-role/{{SessionName}}"
          },
          "sensitive_attributes": [],
          "identity_schema_version": 0,
          "private": "eyJlMmJmYjczMC1lY2FhLTExZTYtOGY4OC0zNDM2M2JjN2M0YzAiOnsiY3JlYXRlIjo2MDAwMDAwMDAwMDAsImRlbGV0ZSI6NjAwMDAwMDAwMDAwfX0=",
          "dependencies": [
            "aws_iam_role.codebuild",
            "data.aws_iam_policy_document.cb_trust"
          ]
        }
      ]
    },
    {
      "mode": "managed",
      "type": "aws_eks_access_entry",
      "name": "cp",
      "provider": "provider[\"registry.terraform.io/hashicorp/aws\"]",
      "instances": [
        {
          "schema_version": 0,
          "attributes": {
            "access_entry_arn": "arn:aws:eks:ap-northeast-2:245040175511:access-entry/scrumptious-disco-party/role/245040175511/comment-service-dev-cp-role/b4cc8c23-b0f9-10d6-948e-2e55a849d2e8",
            "cluster_name": "scrumptious-disco-party",
            "created_at": "2025-09-05T05:09:15Z",
            "id": "scrumptious-disco-party:arn:aws:iam::245040175511:role/comment-service-dev-cp-role",
            "kubernetes_groups": [],
            "modified_at": "2025-09-05T05:09:15Z",
            "principal_arn": "arn:aws:iam::245040175511:role/comment-service-dev-cp-role",
            "region": "ap-northeast-2",
            "tags": null,
            "tags_all": {},
            "timeouts": null,
            "type": "STANDARD",
            "user_name": "arn:aws:sts::245040175511:assumed-role/comment-service-dev-cp-role/{{SessionName}}"
          },
          "sensitive_attributes": [],
          "identity_schema_version": 0,
          "private": "eyJlMmJmYjczMC1lY2FhLTExZTYtOGY4OC0zNDM2M2JjN2M0YzAiOnsiY3JlYXRlIjo2MDAwMDAwMDAwMDAsImRlbGV0ZSI6NjAwMDAwMDAwMDAwfX0=",
          "dependencies": [
            "aws_iam_role.codepipeline",
            "data.aws_iam_policy_document.cp_trust"
          ]
        }
      ]
    },
    {
      "mode": "managed",
      "type": "aws_eks_access_policy_association",
      "name": "cb_admin",
      "provider": "provider[\"registry.terraform.io/hashicorp/aws\"]",
      "instances": [
        {
          "schema_version": 0,
          "attributes": {
            "access_scope": [
              {
                "namespaces": null,
                "type": "cluster"
              }
            ],
            "associated_at": "2025-09-05 05:09:15.53 +0000 UTC",
            "cluster_name": "scrumptious-disco-party",
            "id": "scrumptious-disco-party#arn:aws:iam::245040175511:role/comment-service-dev-cb-role#arn:aws:eks::aws:cluster-access-policy/AmazonEKSClusterAdminPolicy",
            "modified_at": "2025-09-05 05:09:15.53 +0000 UTC",
            "policy_arn": "arn:aws:eks::aws:cluster-access-policy/AmazonEKSClusterAdminPolicy",
            "principal_arn": "arn:aws:iam::245040175511:role/comment-service-dev-cb-role",
            "region": "ap-northeast-2",
            "timeouts": null
          },
          "sensitive_attributes": [],
          "identity_schema_version": 0,
          "private": "eyJlMmJmYjczMC1lY2FhLTExZTYtOGY4OC0zNDM2M2JjN2M0YzAiOnsiY3JlYXRlIjo2MDAwMDAwMDAwMDAsImRlbGV0ZSI6NjAwMDAwMDAwMDAwfX0=",
          "dependencies": [
            "aws_iam_role.codebuild",
            "data.aws_iam_policy_document.cb_trust"
          ]
        }
      ]
    },
    {
      "mode": "managed",
      "type": "aws_eks_access_policy_association",
      "name": "cp_admin",
      "provider": "provider[\"registry.terraform.io/hashicorp/aws\"]",
      "instances": [
        {
          "schema_version": 0,
          "attributes": {
            "access_scope": [
              {
                "namespaces": null,
                "type": "cluster"
              }
            ],
            "associated_at": "2025-09-05 05:09:16.346 +0000 UTC",
            "cluster_name": "scrumptious-disco-party",
            "id": "scrumptious-disco-party#arn:aws:iam::245040175511:role/comment-service-dev-cp-role#arn:aws:eks::aws:cluster-access-policy/AmazonEKSClusterAdminPolicy",
            "modified_at": "2025-09-05 05:09:16.346 +0000 UTC",
            "policy_arn": "arn:aws:eks::aws:cluster-access-policy/AmazonEKSClusterAdminPolicy",
            "principal_arn": "arn:aws:iam::245040175511:role/comment-service-dev-cp-role",
            "region": "ap-northeast-2",
            "timeouts": null
          },
          "sensitive_attributes": [],
          "identity_schema_version": 0,
          "private": "eyJlMmJmYjczMC1lY2FhLTExZTYtOGY4OC0zNDM2M2JjN2M0YzAiOnsiY3JlYXRlIjo2MDAwMDAwMDAwMDAsImRlbGV0ZSI6NjAwMDAwMDAwMDAwfX0=",
          "dependencies": [
            "aws_iam_role.codepipeline",
            "data.aws_iam_policy_document.cp_trust"
          ]
        }
      ]
    },
    {
      "mode": "managed",
      "type": "aws_iam_role",
      "name": "codebuild",
      "provider": "provider[\"registry.terraform.io/hashicorp/aws\"]",
      "instances": [
        {
          "schema_version": 0,
          "attributes": {
            "arn": "arn:aws:iam::245040175511:role/comment-service-dev-cb-role",
            "assume_role_policy": "{\"Statement\":[{\"Action\":\"sts:AssumeRole\",\"Effect\":\"Allow\",\"Principal\":{\"Service\":\"codebuild.amazonaws.com\"}}],\"Version\":\"2012-10-17\"}",
            "create_date": "2025-09-05T05:04:02Z",
            "description": "",
            "force_detach_policies": false,
            "id": "comment-service-dev-cb-role",
            "inline_policy": [
              {
                "name": "cb-inline",
                "policy": "{\"Version\":\"2012-10-17\",\"Statement\":[{\"Action\":[\"logs:PutLogEvents\",\"logs:CreateLogStream\",\"logs:CreateLogGroup\"],\"Effect\":\"Allow\",\"Resource\":\"arn:aws:logs:ap-northeast-2:245040175511:*\"},{\"Action\":[\"s3:PutObject\",\"s3:ListBucket\",\"s3:GetObject\"],\"Effect\":\"Allow\",\"Resource\":[\"arn:aws:s3:::artifact-245040175511-ap-northeast-2/*\",\"arn:aws:s3:::artifact-245040175511-ap-northeast-2\"]},{\"Action\":[\"ecr:UploadLayerPart\",\"ecr:PutImage\",\"ecr:InitiateLayerUpload\",\"ecr:GetAuthorizationToken\",\"ecr:DescribeRepositories\",\"ecr:CompleteLayerUpload\",\"ecr:BatchGetImage\",\"ecr:BatchCheckLayerAvailability\"],\"Effect\":\"Allow\",\"Resource\":\"*\"},{\"Action\":[\"eks:ListClusters\",\"eks:DescribeCluster\"],\"Effect\":\"Allow\",\"Resource\":\"*\"}]}"
              }
            ],
            "managed_policy_arns": [],
            "max_session_duration": 3600,
            "name": "comment-service-dev-cb-role",
            "name_prefix": "",
            "path": "/",
            "permissions_boundary": "",
            "tags": {},
            "tags_all": {},
            "unique_id": "AROATSDMILGL4R7IYPF3M"
          },
          "sensitive_attributes": [],
          "identity_schema_version": 0,
          "identity": {
            "account_id": "245040175511",
            "name": "comment-service-dev-cb-role"
          },
          "private": "bnVsbA==",
          "dependencies": [
            "data.aws_iam_policy_document.cb_trust"
          ]
        }
      ]
    },
    {
      "mode": "managed",
      "type": "aws_iam_role",
      "name": "codepipeline",
      "provider": "provider[\"registry.terraform.io/hashicorp/aws\"]",
      "instances": [
        {
          "schema_version": 0,
          "attributes": {
            "arn": "arn:aws:iam::245040175511:role/comment-service-dev-cp-role",
            "assume_role_policy": "{\"Statement\":[{\"Action\":\"sts:AssumeRole\",\"Effect\":\"Allow\",\"Principal\":{\"Service\":\"codepipeline.amazonaws.com\"}}],\"Version\":\"2012-10-17\"}",
            "create_date": "2025-09-05T05:04:02Z",
            "description": "",
            "force_detach_policies": false,
            "id": "comment-service-dev-cp-role",
            "inline_policy": [
              {
                "name": "cp-inline",
                "policy": "{\"Version\":\"2012-10-17\",\"Statement\":[{\"Action\":[\"s3:PutObject\",\"s3:GetObjectVersion\",\"s3:GetObject\"],\"Effect\":\"Allow\",\"Resource\":\"arn:aws:s3:::artifact-245040175511-ap-northeast-2/*\"},{\"Action\":\"s3:ListBucket\",\"Effect\":\"Allow\",\"Resource\":\"arn:aws:s3:::artifact-245040175511-ap-northeast-2\"},{\"Action\":[\"codebuild:StartBuild\",\"codebuild:BatchGetBuilds\"],\"Effect\":\"Allow\",\"Resource\":\"arn:aws:codebuild:ap-northeast-2:245040175511:project/comment-service-dev-build\"},{\"Action\":\"codestar-connections:UseConnection\",\"Effect\":\"Allow\",\"Resource\":\"arn:aws:codestar-connections:ap-northeast-2:245040175511:connection/8f3b19ae-ae12-4e65-9921-f5caa03e1d6a\"},{\"Action\":\"eks:DescribeCluster\",\"Effect\":\"Allow\",\"Resource\":\"arn:aws:eks:ap-northeast-2:245040175511:cluster/my-eks-cluster\"}]}"
              }
            ],
            "managed_policy_arns": [],
            "max_session_duration": 3600,
            "name": "comment-service-dev-cp-role",
            "name_prefix": "",
            "path": "/",
            "permissions_boundary": "",
            "tags": {},
            "tags_all": {},
            "unique_id": "AROATSDMILGLUSIEA6U4Y"
          },
          "sensitive_attributes": [],
          "identity_schema_version": 0,
          "identity": {
            "account_id": "245040175511",
            "name": "comment-service-dev-cp-role"
          },
          "private": "bnVsbA==",
          "dependencies": [
            "data.aws_iam_policy_document.cp_trust"
          ]
        }
      ]
    },
    {
      "mode": "managed",
      "type": "aws_iam_role_policy",
      "name": "cb_inline",
      "provider": "provider[\"registry.terraform.io/hashicorp/aws\"]",
      "instances": [
        {
          "schema_version": 0,
          "attributes": {
            "id": "comment-service-dev-cb-role:cb-inline",
            "name": "cb-inline",
            "name_prefix": "",
            "policy": "{\"Version\":\"2012-10-17\",\"Statement\":[{\"Action\":[\"logs:PutLogEvents\",\"logs:CreateLogStream\",\"logs:CreateLogGroup\"],\"Effect\":\"Allow\",\"Resource\":\"arn:aws:logs:ap-northeast-2:245040175511:*\"},{\"Action\":[\"s3:PutObject\",\"s3:ListBucket\",\"s3:GetObject\"],\"Effect\":\"Allow\",\"Resource\":[\"arn:aws:s3:::artifact-245040175511-ap-northeast-2/*\",\"arn:aws:s3:::artifact-245040175511-ap-northeast-2\"]},{\"Action\":[\"ecr:UploadLayerPart\",\"ecr:PutImage\",\"ecr:InitiateLayerUpload\",\"ecr:GetAuthorizationToken\",\"ecr:DescribeRepositories\",\"ecr:CompleteLayerUpload\",\"ecr:BatchGetImage\",\"ecr:BatchCheckLayerAvailability\"],\"Effect\":\"Allow\",\"Resource\":\"*\"},{\"Action\":[\"eks:ListClusters\",\"eks:DescribeCluster\"],\"Effect\":\"Allow\",\"Resource\":\"*\"}]}",
            "role": "comment-service-dev-cb-role"
          },
          "sensitive_attributes": [],
          "identity_schema_version": 0,
          "identity": {
            "account_id": "245040175511",
            "name": "cb-inline",
            "role": "comment-service-dev-cb-role"
          },
          "private": "bnVsbA==",
          "dependencies": [
            "aws_iam_role.codebuild",
            "aws_s3_bucket.artifacts",
            "data.aws_caller_identity.current",
            "data.aws_iam_policy_document.cb_policy",
            "data.aws_iam_policy_document.cb_trust"
          ]
        }
      ]
    },
    {
      "mode": "managed",
      "type": "aws_iam_role_policy",
      "name": "cp_inline",
      "provider": "provider[\"registry.terraform.io/hashicorp/aws\"]",
      "instances": [
        {
          "schema_version": 0,
          "attributes": {
            "id": "comment-service-dev-cp-role:cp-inline",
            "name": "cp-inline",
            "name_prefix": "",
            "policy": "{\"Version\":\"2012-10-17\",\"Statement\":[{\"Action\":[\"s3:PutObject\",\"s3:GetObjectVersion\",\"s3:GetObject\"],\"Effect\":\"Allow\",\"Resource\":\"arn:aws:s3:::artifact-245040175511-ap-northeast-2/*\"},{\"Action\":\"s3:ListBucket\",\"Effect\":\"Allow\",\"Resource\":\"arn:aws:s3:::artifact-245040175511-ap-northeast-2\"},{\"Action\":[\"codebuild:StartBuild\",\"codebuild:BatchGetBuilds\"],\"Effect\":\"Allow\",\"Resource\":\"arn:aws:codebuild:ap-northeast-2:245040175511:project/comment-service-dev-build\"},{\"Action\":\"codestar-connections:UseConnection\",\"Effect\":\"Allow\",\"Resource\":\"arn:aws:codestar-connections:ap-northeast-2:245040175511:connection/8f3b19ae-ae12-4e65-9921-f5caa03e1d6a\"},{\"Action\":\"eks:DescribeCluster\",\"Effect\":\"Allow\",\"Resource\":\"arn:aws:eks:ap-northeast-2:245040175511:cluster/scrumptious-disco-party\"}]}",
            "role": "comment-service-dev-cp-role"
          },
          "sensitive_attributes": [],
          "identity_schema_version": 0,
          "identity": {
            "account_id": "245040175511",
            "name": "cp-inline",
            "role": "comment-service-dev-cp-role"
          },
          "private": "bnVsbA==",
          "dependencies": [
            "aws_codebuild_project.build",
            "aws_codestarconnections_connection.github",
            "aws_iam_role.codebuild",
            "aws_iam_role.codepipeline",
            "aws_s3_bucket.artifacts",
            "data.aws_caller_identity.current",
            "data.aws_iam_policy_document.cb_trust",
            "data.aws_iam_policy_document.cp_policy",
            "data.aws_iam_policy_document.cp_trust"
          ]
        }
      ]
    },
    {
      "mode": "managed",
      "type": "aws_s3_bucket",
      "name": "artifacts",
      "provider": "provider[\"registry.terraform.io/hashicorp/aws\"]",
      "instances": [
        {
          "schema_version": 0,
          "attributes": {
            "acceleration_status": "",
            "acl": null,
            "arn": "arn:aws:s3:::artifact-245040175511-ap-northeast-2",
            "bucket": "artifact-245040175511-ap-northeast-2",
            "bucket_domain_name": "artifact-245040175511-ap-northeast-2.s3.amazonaws.com",
            "bucket_prefix": "",
            "bucket_region": "ap-northeast-2",
            "bucket_regional_domain_name": "artifact-245040175511-ap-northeast-2.s3.ap-northeast-2.amazonaws.com",
            "cors_rule": [],
            "force_destroy": false,
            "grant": [
              {
                "id": "ceaed07b41757461e9ff6d8c313f99a8cd24c3ba1a5cdba96705376970ee8004",
                "permissions": [
                  "FULL_CONTROL"
                ],
                "type": "CanonicalUser",
                "uri": ""
              }
            ],
            "hosted_zone_id": "Z3W03O7B5YMIYP",
            "id": "artifact-245040175511-ap-northeast-2",
            "lifecycle_rule": [],
            "logging": [],
            "object_lock_configuration": [],
            "object_lock_enabled": false,
            "policy": "",
            "region": "ap-northeast-2",
            "replication_configuration": [],
            "request_payer": "BucketOwner",
            "server_side_encryption_configuration": [
              {
                "rule": [
                  {
                    "apply_server_side_encryption_by_default": [
                      {
                        "kms_master_key_id": "",
                        "sse_algorithm": "AES256"
                      }
                    ],
                    "bucket_key_enabled": false
                  }
                ]
              }
            ],
            "tags": {
              "Env": "dev",
              "Project": "comment-service"
            },
            "tags_all": {
              "Env": "dev",
              "Project": "comment-service"
            },
            "timeouts": null,
            "versioning": [
              {
                "enabled": false,
                "mfa_delete": false
              }
            ],
            "website": [],
            "website_domain": null,
            "website_endpoint": null
          },
          "sensitive_attributes": [],
          "identity_schema_version": 0,
          "identity": {
            "account_id": "245040175511",
            "bucket": "artifact-245040175511-ap-northeast-2",
            "region": "ap-northeast-2"
          },
          "private": "eyJlMmJmYjczMC1lY2FhLTExZTYtOGY4OC0zNDM2M2JjN2M0YzAiOnsiY3JlYXRlIjoxMjAwMDAwMDAwMDAwLCJkZWxldGUiOjM2MDAwMDAwMDAwMDAsInJlYWQiOjEyMDAwMDAwMDAwMDAsInVwZGF0ZSI6MTIwMDAwMDAwMDAwMH19",
          "dependencies": [
            "data.aws_caller_identity.current"
          ]
        }
      ]
    }
  ],
  "check_results": null
}
